
Microsoft Visual Studio Solution File, Format Version 12.00
# Visual Studio 2013
VisualStudioVersion = 12.0.30723.0
MinimumVisualStudioVersion = 10.0.40219.1
Project("{FAE04EC0-301F-11D3-BF4B-00C04F79EFBC}") = "Gaapp", "Gaapp\Gaapp.csproj", "{2A057E92-B290-4511-8793-BFA1A1466471}"
EndProject
Project("{FAE04EC0-301F-11D3-BF4B-00C04F79EFBC}") = "Test.Repository", "Test.Repository\Test.Repository.csproj", "{CEE4A90D-92BF-4D34-8FA5-3EB119BE777E}"
EndProject
Global
	GlobalSection(SolutionConfigurationPlatforms) = preSolution
		Debug|Any CPU = Debug|Any CPU
		Release|Any CPU = Release|Any CPU
	EndGlobalSection
	GlobalSection(ProjectConfigurationPlatforms) = postSolution
		{2A057E92-B290-4511-8793-BFA1A1466471}.Debug|Any CPU.ActiveCfg = Debug|Any CPU
		{2A057E92-B290-4511-8793-BFA1A1466471}.Debug|Any CPU.Build.0 = Debug|Any CPU
		{2A057E92-B290-4511-8793-BFA1A1466471}.Release|Any CPU.ActiveCfg = Release|Any CPU
		{2A057E92-B290-4511-8793-BFA1A1466471}.Release|Any CPU.Build.0 = Release|Any CPU
		{CEE4A90D-92BF-4D34-8FA5-3EB119BE777E}.Debug|Any CPU.ActiveCfg = Debug|Any CPU
		{CEE4A90D-92BF-4D34-8FA5-3EB119BE777E}.Debug|Any CPU.Build.0 = Debug|Any CPU
		{CEE4A90D-92BF-4D34-8FA5-3EB119BE777E}.Release|Any CPU.ActiveCfg = Release|Any CPU
		{CEE4A90D-92BF-4D34-8FA5-3EB119BE777E}.Release|Any CPU.Build.0 = Release|Any CPU
	EndGlobalSection
	GlobalSection(SolutionProperties) = preSolution
		HideSolutionNode = FALSE
	EndGlobalSection
EndGlobal
